
Microsoft Visual Studio Solution File, Format Version 12.00
# Visual Studio Version 17
VisualStudioVersion = 17.5.002.0
MinimumVisualStudioVersion = 10.0.40219.1
Project("{9A19103F-16F7-4668-BE54-9A1E7A4F7556}") = "reflections", "reflections.csproj", "{91711337-972C-4AB3-B57D-7DADEAB4EE6A}"
EndProject
Global
	GlobalSection(SolutionConfigurationPlatforms) = preSolution
		Debug|Any CPU = Debug|Any CPU
		Release|Any CPU = Release|Any CPU
	EndGlobalSection
	GlobalSection(ProjectConfigurationPlatforms) = postSolution
		{91711337-972C-4AB3-B57D-7DADEAB4EE6A}.Debug|Any CPU.ActiveCfg = Debug|Any CPU
		{91711337-972C-4AB3-B57D-7DADEAB4EE6A}.Debug|Any CPU.Build.0 = Debug|Any CPU
		{91711337-972C-4AB3-B57D-7DADEAB4EE6A}.Release|Any CPU.ActiveCfg = Release|Any CPU
		{91711337-972C-4AB3-B57D-7DADEAB4EE6A}.Release|Any CPU.Build.0 = Release|Any CPU
	EndGlobalSection
	GlobalSection(SolutionProperties) = preSolution
		HideSolutionNode = FALSE
	EndGlobalSection
	GlobalSection(ExtensibilityGlobals) = postSolution
		SolutionGuid = {EDAEB136-7AE8-409C-967E-C72387E79378}
	EndGlobalSection
EndGlobal
